
Microsoft Visual Studio Solution File, Format Version 12.00
# Visual Studio Version 17
VisualStudioVersion = 17.0.32014.148
MinimumVisualStudioVersion = 10.0.40219.1
Project("{2150E333-8FDC-42A3-9474-1A3956D46DE8}") = "src", "src", "{DB03D706-8A38-4D52-9FB1-ADF6AF783F9F}"
EndProject
Project("{9A19103F-16F7-4668-BE54-9A1E7A4F7556}") = "pax.BlazorChess", "src\pax.BlazorChess\pax.BlazorChess.csproj", "{4419EAC6-3FB2-4E9E-A9FB-7099CE082634}"
EndProject
Global
	GlobalSection(SolutionConfigurationPlatforms) = preSolution
		Debug|Any CPU = Debug|Any CPU
		Release|Any CPU = Release|Any CPU
	EndGlobalSection
	GlobalSection(ProjectConfigurationPlatforms) = postSolution
		{4419EAC6-3FB2-4E9E-A9FB-7099CE082634}.Debug|Any CPU.ActiveCfg = Debug|Any CPU
		{4419EAC6-3FB2-4E9E-A9FB-7099CE082634}.Debug|Any CPU.Build.0 = Debug|Any CPU
		{4419EAC6-3FB2-4E9E-A9FB-7099CE082634}.Release|Any CPU.ActiveCfg = Release|Any CPU
		{4419EAC6-3FB2-4E9E-A9FB-7099CE082634}.Release|Any CPU.Build.0 = Release|Any CPU
	EndGlobalSection
	GlobalSection(SolutionProperties) = preSolution
		HideSolutionNode = FALSE
	EndGlobalSection
	GlobalSection(NestedProjects) = preSolution
		{4419EAC6-3FB2-4E9E-A9FB-7099CE082634} = {DB03D706-8A38-4D52-9FB1-ADF6AF783F9F}
	EndGlobalSection
	GlobalSection(ExtensibilityGlobals) = postSolution
		SolutionGuid = {D76502AA-0B72-47C5-9AAE-E761F685454E}
	EndGlobalSection
EndGlobal
