<Solution>
  <Project Path="../../pax.chess/src/pax.chess/pax.chess.csproj" />
  <Project Path="../../pax.uciChessEngine/src/pax.uciChessEngine/pax.uciChessEngine.csproj" />
  <Project Path="pax.BlazorChess.Board/pax.BlazorChess.Board.csproj" />
  <Project Path="pax.BlazorChess.Db/pax.BlazorChess.Db.csproj" />
  <Project Path="pax.BlazorChess.Web/pax.BlazorChess.Web.csproj" />
  <Project Path="pax.BlazorChess.Tests/pax.BlazorChess.Tests.csproj" />
</Solution>
